
Microsoft Visual Studio Solution File, Format Version 12.00
# Visual Studio Version 16
VisualStudioVersion = 16.0.29519.87
MinimumVisualStudioVersion = 10.0.40219.1
Project("{9A19103F-16F7-4668-BE54-9A1E7A4F7556}") = "Sauna.Console", "Sauna.Console\Sauna.Console.csproj", "{5B96B8A0-C895-4580-AFE0-0E72DBD9E34C}"
EndProject
Project("{FAE04EC0-301F-11D3-BF4B-00C04F79EFBC}") = "Sauna.Controller", "Sauna.Controller\Sauna.Controller.csproj", "{CA0FBE97-4870-49A3-9D07-CE38C52F4F58}"
EndProject
Global
	GlobalSection(SolutionConfigurationPlatforms) = preSolution
		Debug|Any CPU = Debug|Any CPU
		Release|Any CPU = Release|Any CPU
	EndGlobalSection
	GlobalSection(ProjectConfigurationPlatforms) = postSolution
		{5B96B8A0-C895-4580-AFE0-0E72DBD9E34C}.Debug|Any CPU.ActiveCfg = Debug|Any CPU
		{5B96B8A0-C895-4580-AFE0-0E72DBD9E34C}.Debug|Any CPU.Build.0 = Debug|Any CPU
		{5B96B8A0-C895-4580-AFE0-0E72DBD9E34C}.Release|Any CPU.ActiveCfg = Release|Any CPU
		{5B96B8A0-C895-4580-AFE0-0E72DBD9E34C}.Release|Any CPU.Build.0 = Release|Any CPU
		{CA0FBE97-4870-49A3-9D07-CE38C52F4F58}.Debug|Any CPU.ActiveCfg = Debug|Any CPU
		{CA0FBE97-4870-49A3-9D07-CE38C52F4F58}.Debug|Any CPU.Build.0 = Debug|Any CPU
		{CA0FBE97-4870-49A3-9D07-CE38C52F4F58}.Release|Any CPU.ActiveCfg = Release|Any CPU
		{CA0FBE97-4870-49A3-9D07-CE38C52F4F58}.Release|Any CPU.Build.0 = Release|Any CPU
	EndGlobalSection
	GlobalSection(SolutionProperties) = preSolution
		HideSolutionNode = FALSE
	EndGlobalSection
	GlobalSection(ExtensibilityGlobals) = postSolution
		SolutionGuid = {1C0A4F35-E6E2-4580-BD73-B6425622402D}
	EndGlobalSection
EndGlobal
