
Microsoft Visual Studio Solution File, Format Version 12.00
# Visual Studio Version 16
VisualStudioVersion = 16.0.29519.87
MinimumVisualStudioVersion = 10.0.40219.1
Project("{FAE04EC0-301F-11D3-BF4B-00C04F79EFBC}") = "Sauna.RPI", "Sauna.RPI\Sauna.RPI.csproj", "{A1B250DA-268D-4455-8A9B-6EC2DB17FE10}"
EndProject
Global
	GlobalSection(SolutionConfigurationPlatforms) = preSolution
		Debug|Any CPU = Debug|Any CPU
		Release|Any CPU = Release|Any CPU
		RPI|Any CPU = RPI|Any CPU
	EndGlobalSection
	GlobalSection(ProjectConfigurationPlatforms) = postSolution
		{A1B250DA-268D-4455-8A9B-6EC2DB17FE10}.Debug|Any CPU.ActiveCfg = Debug|Any CPU
		{A1B250DA-268D-4455-8A9B-6EC2DB17FE10}.Debug|Any CPU.Build.0 = Debug|Any CPU
		{A1B250DA-268D-4455-8A9B-6EC2DB17FE10}.Release|Any CPU.ActiveCfg = Release|Any CPU
		{A1B250DA-268D-4455-8A9B-6EC2DB17FE10}.Release|Any CPU.Build.0 = Release|Any CPU
		{A1B250DA-268D-4455-8A9B-6EC2DB17FE10}.RPI|Any CPU.ActiveCfg = RPI|Any CPU
		{A1B250DA-268D-4455-8A9B-6EC2DB17FE10}.RPI|Any CPU.Build.0 = RPI|Any CPU
	EndGlobalSection
	GlobalSection(SolutionProperties) = preSolution
		HideSolutionNode = FALSE
	EndGlobalSection
	GlobalSection(ExtensibilityGlobals) = postSolution
		SolutionGuid = {1C0A4F35-E6E2-4580-BD73-B6425622402D}
	EndGlobalSection
EndGlobal
